
Microsoft Visual Studio Solution File, Format Version 12.00
# Visual Studio 15
VisualStudioVersion = 15.0.27130.2010
MinimumVisualStudioVersion = 10.0.40219.1
Project("{2150E333-8FDC-42A3-9474-1A3956D46DE8}") = "src", "src", "{C62467F0-8E30-4EE5-AC1A-9EA30A3EF2CD}"
EndProject
Project("{2150E333-8FDC-42A3-9474-1A3956D46DE8}") = "solution items", "solution items", "{8EB94B1E-5054-4263-87E5-BEAB0057BABE}"
	ProjectSection(SolutionItems) = preProject
		LICENSE = LICENSE
		README.md = README.md
	EndProjectSection
EndProject
Project("{FAE04EC0-301F-11D3-BF4B-00C04F79EFBC}") = "Netsy", "src\Netsy\Netsy.csproj", "{6B8D790D-B68D-4EEB-81D8-2D213A9AC9CF}"
EndProject
Project("{2150E333-8FDC-42A3-9474-1A3956D46DE8}") = "tests", "tests", "{EDA3800A-2CDC-4E32-BA82-906E41E119E1}"
EndProject
Project("{FAE04EC0-301F-11D3-BF4B-00C04F79EFBC}") = "Netsy.Tests.Playground", "tests\Netsy.Tests.Console\Netsy.Tests.Playground\Netsy.Tests.Playground.csproj", "{478F4873-03E1-4E21-81B8-F27F1B7CCB5F}"
EndProject
Global
	GlobalSection(SolutionConfigurationPlatforms) = preSolution
		Debug|Any CPU = Debug|Any CPU
		Release|Any CPU = Release|Any CPU
	EndGlobalSection
	GlobalSection(ProjectConfigurationPlatforms) = postSolution
		{6B8D790D-B68D-4EEB-81D8-2D213A9AC9CF}.Debug|Any CPU.ActiveCfg = Debug|Any CPU
		{6B8D790D-B68D-4EEB-81D8-2D213A9AC9CF}.Debug|Any CPU.Build.0 = Debug|Any CPU
		{6B8D790D-B68D-4EEB-81D8-2D213A9AC9CF}.Release|Any CPU.ActiveCfg = Release|Any CPU
		{6B8D790D-B68D-4EEB-81D8-2D213A9AC9CF}.Release|Any CPU.Build.0 = Release|Any CPU
		{478F4873-03E1-4E21-81B8-F27F1B7CCB5F}.Debug|Any CPU.ActiveCfg = Debug|Any CPU
		{478F4873-03E1-4E21-81B8-F27F1B7CCB5F}.Debug|Any CPU.Build.0 = Debug|Any CPU
		{478F4873-03E1-4E21-81B8-F27F1B7CCB5F}.Release|Any CPU.ActiveCfg = Release|Any CPU
		{478F4873-03E1-4E21-81B8-F27F1B7CCB5F}.Release|Any CPU.Build.0 = Release|Any CPU
	EndGlobalSection
	GlobalSection(SolutionProperties) = preSolution
		HideSolutionNode = FALSE
	EndGlobalSection
	GlobalSection(NestedProjects) = preSolution
		{6B8D790D-B68D-4EEB-81D8-2D213A9AC9CF} = {C62467F0-8E30-4EE5-AC1A-9EA30A3EF2CD}
		{478F4873-03E1-4E21-81B8-F27F1B7CCB5F} = {EDA3800A-2CDC-4E32-BA82-906E41E119E1}
	EndGlobalSection
	GlobalSection(ExtensibilityGlobals) = postSolution
		SolutionGuid = {0431AEAF-DFA7-4471-95C6-88E2CC578900}
	EndGlobalSection
EndGlobal
